<?xml version="1.0" encoding="utf-8"?>
<Project ToolsVersion="4.0" xmlns="http://schemas.microsoft.com/developer/msbuild/2003">
  <ItemGroup>
    <Filter Include="Source Files">
      <UniqueIdentifier>{4FC737F1-C7A5-4376-A066-2A32D752A2FF}</UniqueIdentifier>
      <Extensions>cpp;c;cc;cxx;def;odl;idl;hpj;bat;asm;asmx</Extensions>
    </Filter>
    <Filter Include="Header Files">
      <UniqueIdentifier>{93995380-89BD-4b04-88EB-625FBE52EBFB}</UniqueIdentifier>
      <Extensions>h;hpp;hxx;hm;inl;inc;xsd</Extensions>
    </Filter>
    <Filter Include="Resource Files">
      <UniqueIdentifier>{67DA6AB6-F800-4c08-8B7A-83BB121AAD01}</UniqueIdentifier>
      <Extensions>rc;ico;cur;bmp;dlg;rc2;rct;bin;rgs;gif;jpg;jpeg;jpe;resx;tiff;tif;png;wav;mfcribbon-ms</Extensions>
    </Filter>
    <Filter Include="Source Files\Cameras">
      <UniqueIdentifier>{f53c37c8-9fc6-4365-af91-1d1260eaf3dc}</UniqueIdentifier>
    </Filter>
    <Filter Include="Source Files\CollisionShapes">
      <UniqueIdentifier>{b0ed1231-dc3b-4842-96ef-218b5d5fa677}</UniqueIdentifier>
    </Filter>
    <Filter Include="Source Files\Event">
      <UniqueIdentifier>{84cbc4a4-693c-4686-9647-7a7d9f52671b}</UniqueIdentifier>
    </Filter>
    <Filter Include="Source Files\Exceptions">
      <UniqueIdentifier>{085fa027-48ec-4b4d-855b-4f7eba04c171}</UniqueIdentifier>
    </Filter>
    <Filter Include="Source Files\Graphics">
      <UniqueIdentifier>{62765031-fd2a-4ef2-84eb-19fd852d018a}</UniqueIdentifier>
    </Filter>
    <Filter Include="Source Files\Math">
      <UniqueIdentifier>{1415eb6f-6f5e-46a0-9599-ec682bad80b7}</UniqueIdentifier>
    </Filter>
    <Filter Include="Source Files\Meshes">
      <UniqueIdentifier>{f8656296-9e25-46e0-8773-38b84513a5ab}</UniqueIdentifier>
    </Filter>
    <Filter Include="Source Files\Objects">
      <UniqueIdentifier>{64497f44-4138-4b37-9099-2cc6854671d6}</UniqueIdentifier>
    </Filter>
    <Filter Include="Source Files\Physics">
      <UniqueIdentifier>{1e2fc968-9e2a-4f16-a483-f1d6aec1b285}</UniqueIdentifier>
    </Filter>
    <Filter Include="Source Files\Resources">
      <UniqueIdentifier>{154c6bfd-1254-45a7-9130-5b3c40181fae}</UniqueIdentifier>
    </Filter>
    <Filter Include="Source Files\Shaders">
      <UniqueIdentifier>{24c92040-86f2-492f-8c15-762499b414ff}</UniqueIdentifier>
    </Filter>
    <Filter Include="Source Files\Util">
      <UniqueIdentifier>{3cc8c149-33ba-4663-bcff-b068d8bd4327}</UniqueIdentifier>
    </Filter>
    <Filter Include="Source Files\World">
      <UniqueIdentifier>{27cbb9cf-60f1-441a-bea1-a047fa4151a0}</UniqueIdentifier>
    </Filter>
    <Filter Include="Source Files\Resources\fonts">
      <UniqueIdentifier>{8fa92ce1-13df-44ba-ad51-2a57e65bd9c2}</UniqueIdentifier>
    </Filter>
    <Filter Include="Source Files\Resources\Images">
      <UniqueIdentifier>{6d359bcb-e6f2-4128-851c-c04d6739d927}</UniqueIdentifier>
    </Filter>
    <Filter Include="Source Files\Resources\models">
      <UniqueIdentifier>{0857055e-48ed-4fc3-b12f-0812bdbfbd50}</UniqueIdentifier>
    </Filter>
    <Filter Include="Source Files\Math\Generic">
      <UniqueIdentifier>{29a7fe45-d249-4608-8779-35c5f74431b0}</UniqueIdentifier>
    </Filter>
    <Filter Include="Source Files\Lights">
      <UniqueIdentifier>{0420d41d-3bb4-4424-8ce3-4302a1ac3abc}</UniqueIdentifier>
    </Filter>
    <Filter Include="Source Files\Time">
      <UniqueIdentifier>{4a8084d9-0892-4212-b81c-bcfe136d3847}</UniqueIdentifier>
    </Filter>
    <Filter Include="Source Files\Shapes">
      <UniqueIdentifier>{6713ff10-420a-4b18-9814-5b486bf14e2c}</UniqueIdentifier>
    </Filter>
    <Filter Include="Source Files\Mesh">
      <UniqueIdentifier>{2bfb2852-4ad3-48ac-93ee-6bd06912cfa9}</UniqueIdentifier>
    </Filter>
    <Filter Include="Source Files\Geometry">
      <UniqueIdentifier>{37a0031a-6351-4283-950b-b68695ddc63d}</UniqueIdentifier>
    </Filter>
  </ItemGroup>
  <ItemGroup>
    <ClCompile Include="..\..\src\Cameras\Camera.cpp">
      <Filter>Source Files\Cameras</Filter>
    </ClCompile>
    <ClCompile Include="..\..\src\Cameras\Camera2D.cpp">
      <Filter>Source Files\Cameras</Filter>
    </ClCompile>
    <ClCompile Include="..\..\src\Cameras\FPCamera.cpp">
      <Filter>Source Files\Cameras</Filter>
    </ClCompile>
    <ClCompile Include="..\..\src\CollisionShapes\BoxCollisionShape.cpp">
      <Filter>Source Files\CollisionShapes</Filter>
    </ClCompile>
    <ClCompile Include="..\..\src\CollisionShapes\CollisionShape.cpp">
      <Filter>Source Files\CollisionShapes</Filter>
    </ClCompile>
    <ClCompile Include="..\..\src\CollisionShapes\PlaneCollisionShape.cpp">
      <Filter>Source Files\CollisionShapes</Filter>
    </ClCompile>
    <ClCompile Include="..\..\src\CollisionShapes\SphereCollisionShape.cpp">
      <Filter>Source Files\CollisionShapes</Filter>
    </ClCompile>
    <ClCompile Include="..\..\src\CollisionShapes\TriangleMeshCollisionShape.cpp">
      <Filter>Source Files\CollisionShapes</Filter>
    </ClCompile>
    <ClCompile Include="..\..\src\Event\Event.cpp">
      <Filter>Source Files\Event</Filter>
    </ClCompile>
    <ClCompile Include="..\..\src\Event\EventSystem.cpp">
      <Filter>Source Files\Event</Filter>
    </ClCompile>
    <ClCompile Include="..\..\src\Exceptions\MagicAssertException.cpp">
      <Filter>Source Files\Exceptions</Filter>
    </ClCompile>
    <ClCompile Include="..\..\src\Exceptions\MagicException.cpp">
      <Filter>Source Files\Exceptions</Filter>
    </ClCompile>
    <ClCompile Include="..\..\src\Exceptions\ResourceNotFoundException.cpp">
      <Filter>Source Files\Exceptions</Filter>
    </ClCompile>
    <ClCompile Include="..\..\src\Exceptions\ShaderCompileException.cpp">
      <Filter>Source Files\Exceptions</Filter>
    </ClCompile>
    <ClCompile Include="..\..\src\Exceptions\ShaderVertexInterfaceException.cpp">
      <Filter>Source Files\Exceptions</Filter>
    </ClCompile>
    <ClCompile Include="..\..\src\Graphics\Buffer.cpp">
      <Filter>Source Files\Graphics</Filter>
    </ClCompile>
    <ClCompile Include="..\..\src\Graphics\GraphicsSystem.cpp">
      <Filter>Source Files\Graphics</Filter>
    </ClCompile>
    <ClCompile Include="..\..\src\Graphics\Image.cpp">
      <Filter>Source Files\Graphics</Filter>
    </ClCompile>
    <ClCompile Include="..\..\src\Graphics\Texture.cpp">
      <Filter>Source Files\Graphics</Filter>
    </ClCompile>
    <ClCompile Include="..\..\src\Graphics\VertexArray.cpp">
      <Filter>Source Files\Graphics</Filter>
    </ClCompile>
    <ClCompile Include="..\..\src\Meshes\Rectangle2D.cpp">
      <Filter>Source Files\Meshes</Filter>
    </ClCompile>
    <ClCompile Include="..\..\src\Objects\Object.cpp">
      <Filter>Source Files\Objects</Filter>
    </ClCompile>
    <ClCompile Include="..\..\src\Physics\MotionState.cpp">
      <Filter>Source Files\Physics</Filter>
    </ClCompile>
    <ClCompile Include="..\..\src\Physics\PhysicsSystem.cpp">
      <Filter>Source Files\Physics</Filter>
    </ClCompile>
    <ClCompile Include="..\..\src\Resources\FontResource.cpp">
      <Filter>Source Files\Resources</Filter>
    </ClCompile>
    <ClCompile Include="..\..\src\Resources\Resource.cpp">
      <Filter>Source Files\Resources</Filter>
    </ClCompile>
    <ClCompile Include="..\..\src\Resources\ResourceManager.cpp">
      <Filter>Source Files\Resources</Filter>
    </ClCompile>
    <ClCompile Include="..\..\src\Resources\fonts\TTFontResource.cpp">
      <Filter>Source Files\Resources\fonts</Filter>
    </ClCompile>
    <ClCompile Include="..\..\src\Util\Character.cpp">
      <Filter>Source Files\Util</Filter>
    </ClCompile>
    <ClCompile Include="..\..\src\Util\Color.cpp">
      <Filter>Source Files\Util</Filter>
    </ClCompile>
    <ClCompile Include="..\..\src\Util\Freetype_Init.cpp">
      <Filter>Source Files\Util</Filter>
    </ClCompile>
    <ClCompile Include="..\..\src\Util\SDL_Init.cpp">
      <Filter>Source Files\Util</Filter>
    </ClCompile>
    <ClCompile Include="..\..\src\Util\StaticFont.cpp">
      <Filter>Source Files\Util</Filter>
    </ClCompile>
    <ClCompile Include="..\..\src\World\World.cpp">
      <Filter>Source Files\World</Filter>
    </ClCompile>
    <ClCompile Include="..\..\src\Math\Matrix3.cpp">
      <Filter>Source Files\Math</Filter>
    </ClCompile>
    <ClCompile Include="..\..\src\Math\Matrix4.cpp">
      <Filter>Source Files\Math</Filter>
    </ClCompile>
    <ClCompile Include="..\..\src\Math\Position.cpp">
      <Filter>Source Files\Math</Filter>
    </ClCompile>
    <ClCompile Include="..\..\src\Math\Generic\Matrix3.cc">
      <Filter>Source Files\Math\Generic</Filter>
    </ClCompile>
    <ClCompile Include="..\..\src\Math\Generic\Matrix4.cc">
      <Filter>Source Files\Math\Generic</Filter>
    </ClCompile>
    <ClCompile Include="..\..\src\Math\Generic\Position.cc">
      <Filter>Source Files\Math\Generic</Filter>
    </ClCompile>
    <ClCompile Include="..\..\src\Graphics\MaterialBuilder.cpp">
      <Filter>Source Files\Graphics</Filter>
    </ClCompile>
    <ClCompile Include="..\..\src\Math\Generic\Vector.cc">
      <Filter>Source Files\Math\Generic</Filter>
    </ClCompile>
    <ClCompile Include="..\..\src\Math\Vector.cc">
      <Filter>Source Files\Math</Filter>
    </ClCompile>
    <ClCompile Include="..\..\src\Resources\TextResource.cpp">
      <Filter>Source Files\Resources</Filter>
    </ClCompile>
    <ClCompile Include="..\..\src\Resources\Images\PNGImageLoader.cpp">
      <Filter>Source Files\Resources\Images</Filter>
    </ClCompile>
    <ClCompile Include="..\..\src\Resources\Images\TGAImageLoader.cpp">
      <Filter>Source Files\Resources\Images</Filter>
    </ClCompile>
    <ClCompile Include="..\..\src\Resources\ImageLoaders.cpp">
      <Filter>Source Files\Resources</Filter>
    </ClCompile>
    <ClCompile Include="..\..\src\Shaders\GpuProgram.cpp">
      <Filter>Source Files\Shaders</Filter>
    </ClCompile>
    <ClCompile Include="..\..\src\Shaders\Shader.cpp">
      <Filter>Source Files\Shaders</Filter>
    </ClCompile>
    <ClCompile Include="..\..\src\Resources\ModelLoader.cpp">
      <Filter>Source Files\Resources</Filter>
    </ClCompile>
    <ClCompile Include="..\..\src\Resources\models\ModelLoader3DS.cpp">
      <Filter>Source Files\Resources\models</Filter>
    </ClCompile>
    <ClCompile Include="..\..\src\Mesh\TriangleMesh.cpp">
      <Filter>Source Files\Mesh</Filter>
    </ClCompile>
    <ClCompile Include="..\..\src\Geometry\Box.cpp">
      <Filter>Source Files\Geometry</Filter>
    </ClCompile>
    <ClCompile Include="..\..\src\Geometry\BoundedPlane.cpp">
      <Filter>Source Files\Geometry</Filter>
    </ClCompile>
  </ItemGroup>
  <ItemGroup>
    <ClInclude Include="..\..\src\Cameras\Camera.h">
      <Filter>Source Files\Cameras</Filter>
    </ClInclude>
    <ClInclude Include="..\..\src\Cameras\Camera2D.h">
      <Filter>Source Files\Cameras</Filter>
    </ClInclude>
    <ClInclude Include="..\..\src\Cameras\FixedCamera.h">
      <Filter>Source Files\Cameras</Filter>
    </ClInclude>
    <ClInclude Include="..\..\src\Cameras\FlyCamera.h">
      <Filter>Source Files\Cameras</Filter>
    </ClInclude>
    <ClInclude Include="..\..\src\Cameras\FPCamera.h">
      <Filter>Source Files\Cameras</Filter>
    </ClInclude>
    <ClInclude Include="..\..\src\CollisionShapes\BoxCollisionShape.h">
      <Filter>Source Files\CollisionShapes</Filter>
    </ClInclude>
    <ClInclude Include="..\..\src\CollisionShapes\CollisionShape.h">
      <Filter>Source Files\CollisionShapes</Filter>
    </ClInclude>
    <ClInclude Include="..\..\src\CollisionShapes\PlaneCollisionShape.h">
      <Filter>Source Files\CollisionShapes</Filter>
    </ClInclude>
    <ClInclude Include="..\..\src\CollisionShapes\SphereCollisionShape.h">
      <Filter>Source Files\CollisionShapes</Filter>
    </ClInclude>
    <ClInclude Include="..\..\src\CollisionShapes\TriangleMeshCollisionShape.h">
      <Filter>Source Files\CollisionShapes</Filter>
    </ClInclude>
    <ClInclude Include="..\..\src\Event\Event.h">
      <Filter>Source Files\Event</Filter>
    </ClInclude>
    <ClInclude Include="..\..\src\Event\EventSystem.h">
      <Filter>Source Files\Event</Filter>
    </ClInclude>
    <ClInclude Include="..\..\src\Exceptions\MagicAssertException.h">
      <Filter>Source Files\Exceptions</Filter>
    </ClInclude>
    <ClInclude Include="..\..\src\Exceptions\MagicException.h">
      <Filter>Source Files\Exceptions</Filter>
    </ClInclude>
    <ClInclude Include="..\..\src\Exceptions\ResourceNotFoundException.h">
      <Filter>Source Files\Exceptions</Filter>
    </ClInclude>
    <ClInclude Include="..\..\src\Exceptions\ShaderCompileException.h">
      <Filter>Source Files\Exceptions</Filter>
    </ClInclude>
    <ClInclude Include="..\..\src\Exceptions\ShaderVertexInterfaceException.h">
      <Filter>Source Files\Exceptions</Filter>
    </ClInclude>
    <ClInclude Include="..\..\src\Graphics\Buffer.h">
      <Filter>Source Files\Graphics</Filter>
    </ClInclude>
    <ClInclude Include="..\..\src\Graphics\GraphicsSystem.h">
      <Filter>Source Files\Graphics</Filter>
    </ClInclude>
    <ClInclude Include="..\..\src\Graphics\Image.h">
      <Filter>Source Files\Graphics</Filter>
    </ClInclude>
    <ClInclude Include="..\..\src\Graphics\Material.h">
      <Filter>Source Files\Graphics</Filter>
    </ClInclude>
    <ClInclude Include="..\..\src\Graphics\MaterialBuilder.h">
      <Filter>Source Files\Graphics</Filter>
    </ClInclude>
    <ClInclude Include="..\..\src\Graphics\Texture.h">
      <Filter>Source Files\Graphics</Filter>
    </ClInclude>
    <ClInclude Include="..\..\src\Graphics\VertexArray.h">
      <Filter>Source Files\Graphics</Filter>
    </ClInclude>
    <ClInclude Include="..\..\src\Lights\Light.h">
      <Filter>Source Files\Lights</Filter>
    </ClInclude>
    <ClInclude Include="..\..\src\Math\Math.h">
      <Filter>Source Files\Math</Filter>
    </ClInclude>
    <ClInclude Include="..\..\src\Math\MathTypes.h">
      <Filter>Source Files\Math</Filter>
    </ClInclude>
    <ClInclude Include="..\..\src\Math\Matrix3.h">
      <Filter>Source Files\Math</Filter>
    </ClInclude>
    <ClInclude Include="..\..\src\Math\Matrix4.h">
      <Filter>Source Files\Math</Filter>
    </ClInclude>
    <ClInclude Include="..\..\src\Math\Position.h">
      <Filter>Source Files\Math</Filter>
    </ClInclude>
    <ClInclude Include="..\..\src\Math\Vector.h">
      <Filter>Source Files\Math</Filter>
    </ClInclude>
    <ClInclude Include="..\..\src\Math\Generic\BaseVector.h">
      <Filter>Source Files\Math\Generic</Filter>
    </ClInclude>
    <ClInclude Include="..\..\src\Math\Generic\MathTypes.h">
      <Filter>Source Files\Math\Generic</Filter>
    </ClInclude>
    <ClInclude Include="..\..\src\Math\Generic\Matrix3.h">
      <Filter>Source Files\Math\Generic</Filter>
    </ClInclude>
    <ClInclude Include="..\..\src\Math\Generic\Matrix4.h">
      <Filter>Source Files\Math\Generic</Filter>
    </ClInclude>
    <ClInclude Include="..\..\src\Math\Generic\Position.h">
      <Filter>Source Files\Math\Generic</Filter>
    </ClInclude>
    <ClInclude Include="..\..\src\Math\Generic\Vector.h">
      <Filter>Source Files\Math\Generic</Filter>
    </ClInclude>
    <ClInclude Include="..\..\src\Objects\Object.h">
      <Filter>Source Files\Objects</Filter>
    </ClInclude>
    <ClInclude Include="..\..\src\Physics\MotionState.h">
      <Filter>Source Files\Physics</Filter>
    </ClInclude>
    <ClInclude Include="..\..\src\Physics\PhysicsSystem.h">
      <Filter>Source Files\Physics</Filter>
    </ClInclude>
    <ClInclude Include="..\..\src\Resources\FontResource.h">
      <Filter>Source Files\Resources</Filter>
    </ClInclude>
    <ClInclude Include="..\..\src\Resources\Resource.h">
      <Filter>Source Files\Resources</Filter>
    </ClInclude>
    <ClInclude Include="..\..\src\Resources\ResourceManager.h">
      <Filter>Source Files\Resources</Filter>
    </ClInclude>
    <ClInclude Include="..\..\src\Resources\fonts\TTFontResource.h">
      <Filter>Source Files\Resources\fonts</Filter>
    </ClInclude>
    <ClInclude Include="..\..\src\Util\Character.h">
      <Filter>Source Files\Util</Filter>
    </ClInclude>
    <ClInclude Include="..\..\src\Util\Color.h">
      <Filter>Source Files\Util</Filter>
    </ClInclude>
    <ClInclude Include="..\..\src\Util\Helpers.h">
      <Filter>Source Files\Util</Filter>
    </ClInclude>
    <ClInclude Include="..\..\src\Util\magic_assert.h">
      <Filter>Source Files\Util</Filter>
    </ClInclude>
    <ClInclude Include="..\..\src\Util\magic_throw.h">
      <Filter>Source Files\Util</Filter>
    </ClInclude>
    <ClInclude Include="..\..\src\Util\StaticFont.h">
      <Filter>Source Files\Util</Filter>
    </ClInclude>
    <ClInclude Include="..\..\src\Util\Types.h">
      <Filter>Source Files\Util</Filter>
    </ClInclude>
    <ClInclude Include="..\..\src\Util\Units.h">
      <Filter>Source Files\Util</Filter>
    </ClInclude>
    <ClInclude Include="..\..\src\Time\StopWatch.h">
      <Filter>Source Files\Time</Filter>
    </ClInclude>
    <ClInclude Include="..\..\src\World\World.h">
      <Filter>Source Files\World</Filter>
    </ClInclude>
    <ClInclude Include="..\..\src\3DMagic.h">
      <Filter>Source Files</Filter>
    </ClInclude>
    <ClInclude Include="..\..\src\Resources\TextResource.h">
      <Filter>Source Files\Resources</Filter>
    </ClInclude>
    <ClInclude Include="..\..\src\Resources\ImageLoaders.h">
      <Filter>Source Files\Resources</Filter>
    </ClInclude>
    <ClInclude Include="..\..\src\Resources\Images\PNGImageLoader.h">
      <Filter>Source Files\Resources\Images</Filter>
    </ClInclude>
    <ClInclude Include="..\..\src\Resources\Images\TGAImageLoader.h">
      <Filter>Source Files\Resources\Images</Filter>
    </ClInclude>
    <ClInclude Include="..\..\src\Shaders\GpuProgram.h">
      <Filter>Source Files\Shaders</Filter>
    </ClInclude>
    <ClInclude Include="..\..\src\Shaders\Shader.h">
      <Filter>Source Files\Shaders</Filter>
    </ClInclude>
    <ClInclude Include="..\..\src\Objects\Model.h">
      <Filter>Source Files\Objects</Filter>
    </ClInclude>
    <ClInclude Include="..\..\src\Cameras\ViewFrustum.h">
      <Filter>Source Files\Cameras</Filter>
    </ClInclude>
    <ClInclude Include="..\..\src\Shapes\Triangle.h">
      <Filter>Source Files\Shapes</Filter>
    </ClInclude>
    <ClInclude Include="..\..\src\Shapes\Vertex.h">
      <Filter>Source Files\Shapes</Filter>
    </ClInclude>
    <ClInclude Include="..\..\src\Mesh\TriangleMesh.h">
      <Filter>Source Files\Mesh</Filter>
    </ClInclude>
    <ClInclude Include="..\..\src\Resources\ModelLoader.h">
      <Filter>Source Files\Resources</Filter>
    </ClInclude>
    <ClInclude Include="..\..\src\Resources\models\ModelLoader3DS.h">
      <Filter>Source Files\Resources\models</Filter>
    </ClInclude>
    <ClInclude Include="..\..\src\Mesh\TriangleMeshBuilder.h">
      <Filter>Source Files\Mesh</Filter>
    </ClInclude>
    <ClInclude Include="..\..\src\Geometry\Geometry.h">
      <Filter>Source Files\Geometry</Filter>
    </ClInclude>
    <ClInclude Include="..\..\src\Geometry\Sphere.h">
      <Filter>Source Files\Geometry</Filter>
    </ClInclude>
    <ClInclude Include="..\..\src\Geometry\Box.h">
      <Filter>Source Files\Geometry</Filter>
    </ClInclude>
    <ClInclude Include="..\..\src\Geometry\Plane.h">
      <Filter>Source Files\Geometry</Filter>
    </ClInclude>
    <ClInclude Include="..\..\src\Geometry\BoundedPlane.h">
      <Filter>Source Files\Geometry</Filter>
    </ClInclude>
  </ItemGroup>
</Project>