<?xml version="1.0" encoding="utf-8"?>
<Project ToolsVersion="4.0" xmlns="http://schemas.microsoft.com/developer/msbuild/2003">
  <ItemGroup>
    <Filter Include="Source Files">
      <UniqueIdentifier>{4FC737F1-C7A5-4376-A066-2A32D752A2FF}</UniqueIdentifier>
      <Extensions>cpp;c;cc;cxx;def;odl;idl;hpj;bat;asm;asmx</Extensions>
    </Filter>
    <Filter Include="Header Files">
      <UniqueIdentifier>{93995380-89BD-4b04-88EB-625FBE52EBFB}</UniqueIdentifier>
      <Extensions>h;hpp;hxx;hm;inl;inc;xsd</Extensions>
    </Filter>
    <Filter Include="Resource Files">
      <UniqueIdentifier>{67DA6AB6-F800-4c08-8B7A-83BB121AAD01}</UniqueIdentifier>
      <Extensions>rc;ico;cur;bmp;dlg;rc2;rct;bin;rgs;gif;jpg;jpeg;jpe;resx;tiff;tif;png;wav;mfcribbon-ms</Extensions>
    </Filter>
    <Filter Include="Source Files\Cameras">
      <UniqueIdentifier>{f53c37c8-9fc6-4365-af91-1d1260eaf3dc}</UniqueIdentifier>
    </Filter>
    <Filter Include="Source Files\CollisionShapes">
      <UniqueIdentifier>{b0ed1231-dc3b-4842-96ef-218b5d5fa677}</UniqueIdentifier>
    </Filter>
    <Filter Include="Source Files\Event">
      <UniqueIdentifier>{84cbc4a4-693c-4686-9647-7a7d9f52671b}</UniqueIdentifier>
    </Filter>
    <Filter Include="Source Files\Exceptions">
      <UniqueIdentifier>{085fa027-48ec-4b4d-855b-4f7eba04c171}</UniqueIdentifier>
    </Filter>
    <Filter Include="Source Files\Graphics">
      <UniqueIdentifier>{62765031-fd2a-4ef2-84eb-19fd852d018a}</UniqueIdentifier>
    </Filter>
    <Filter Include="Source Files\Math">
      <UniqueIdentifier>{1415eb6f-6f5e-46a0-9599-ec682bad80b7}</UniqueIdentifier>
    </Filter>
    <Filter Include="Source Files\Meshes">
      <UniqueIdentifier>{f8656296-9e25-46e0-8773-38b84513a5ab}</UniqueIdentifier>
    </Filter>
    <Filter Include="Source Files\Objects">
      <UniqueIdentifier>{64497f44-4138-4b37-9099-2cc6854671d6}</UniqueIdentifier>
    </Filter>
    <Filter Include="Source Files\Physics">
      <UniqueIdentifier>{1e2fc968-9e2a-4f16-a483-f1d6aec1b285}</UniqueIdentifier>
    </Filter>
    <Filter Include="Source Files\Resources">
      <UniqueIdentifier>{154c6bfd-1254-45a7-9130-5b3c40181fae}</UniqueIdentifier>
    </Filter>
    <Filter Include="Source Files\Shaders">
      <UniqueIdentifier>{24c92040-86f2-492f-8c15-762499b414ff}</UniqueIdentifier>
    </Filter>
    <Filter Include="Source Files\Util">
      <UniqueIdentifier>{3cc8c149-33ba-4663-bcff-b068d8bd4327}</UniqueIdentifier>
    </Filter>
    <Filter Include="Source Files\World">
      <UniqueIdentifier>{27cbb9cf-60f1-441a-bea1-a047fa4151a0}</UniqueIdentifier>
    </Filter>
    <Filter Include="Source Files\Resources\fonts">
      <UniqueIdentifier>{8fa92ce1-13df-44ba-ad51-2a57e65bd9c2}</UniqueIdentifier>
    </Filter>
    <Filter Include="Source Files\Resources\Images">
      <UniqueIdentifier>{6d359bcb-e6f2-4128-851c-c04d6739d927}</UniqueIdentifier>
    </Filter>
    <Filter Include="Source Files\Resources\models">
      <UniqueIdentifier>{0857055e-48ed-4fc3-b12f-0812bdbfbd50}</UniqueIdentifier>
    </Filter>
    <Filter Include="Source Files\Math\IntelSIMD">
      <UniqueIdentifier>{2acb97ec-8571-40cd-9c0d-8da68e55dba3}</UniqueIdentifier>
    </Filter>
    <Filter Include="Source Files\Math\Generic">
      <UniqueIdentifier>{29a7fe45-d249-4608-8779-35c5f74431b0}</UniqueIdentifier>
    </Filter>
    <Filter Include="Header Files\Cameras">
      <UniqueIdentifier>{a0384f65-c9f5-4d8c-bde4-be9bdad95fe7}</UniqueIdentifier>
    </Filter>
    <Filter Include="Header Files\CollisionShapes">
      <UniqueIdentifier>{35630821-4207-4d23-bda3-a81dd9f88c97}</UniqueIdentifier>
    </Filter>
    <Filter Include="Header Files\Event">
      <UniqueIdentifier>{d73f287a-f4fd-4140-94be-bece08e96797}</UniqueIdentifier>
    </Filter>
    <Filter Include="Header Files\Exceptions">
      <UniqueIdentifier>{df30fa44-f713-4c73-bbd1-955246a773ca}</UniqueIdentifier>
    </Filter>
    <Filter Include="Header Files\Graphics">
      <UniqueIdentifier>{5838aeb6-489e-4189-97a9-c1b26d4bc55e}</UniqueIdentifier>
    </Filter>
    <Filter Include="Header Files\Lights">
      <UniqueIdentifier>{4adda562-6fef-4c0f-8171-ab1c5d4b5ced}</UniqueIdentifier>
    </Filter>
    <Filter Include="Header Files\Math">
      <UniqueIdentifier>{3e058090-3375-4a00-ad0c-ecd83075d0b6}</UniqueIdentifier>
    </Filter>
    <Filter Include="Header Files\Objects">
      <UniqueIdentifier>{b4d24733-15c9-4c19-9492-556bf5c6530a}</UniqueIdentifier>
    </Filter>
    <Filter Include="Header Files\Physics">
      <UniqueIdentifier>{dca095db-bf42-40bc-af4e-109c3394fbfb}</UniqueIdentifier>
    </Filter>
    <Filter Include="Header Files\Resources">
      <UniqueIdentifier>{6ffe5468-cfc7-4d04-812b-b08ab286cb0d}</UniqueIdentifier>
    </Filter>
    <Filter Include="Header Files\Shaders">
      <UniqueIdentifier>{ab673629-5c95-4dca-a13c-b90b606da8d2}</UniqueIdentifier>
    </Filter>
    <Filter Include="Header Files\Time">
      <UniqueIdentifier>{eeb11918-f34d-400e-9dfc-25d14006c080}</UniqueIdentifier>
    </Filter>
    <Filter Include="Header Files\Util">
      <UniqueIdentifier>{9e862cef-c177-4d2c-bec2-71eb52424d62}</UniqueIdentifier>
    </Filter>
    <Filter Include="Header Files\World">
      <UniqueIdentifier>{c8eba8ce-6be7-4806-9617-177c0e01dbc0}</UniqueIdentifier>
    </Filter>
    <Filter Include="Header Files\Resources\fonts">
      <UniqueIdentifier>{7eef80a0-77f0-4124-825a-17f7d96a80bb}</UniqueIdentifier>
    </Filter>
    <Filter Include="Header Files\Resources\Images">
      <UniqueIdentifier>{dc39039f-26db-4ee3-868f-7ad9b8a38bc8}</UniqueIdentifier>
    </Filter>
    <Filter Include="Header Files\Resources\models">
      <UniqueIdentifier>{5ac8420b-0269-456c-a12e-f35390a530f1}</UniqueIdentifier>
    </Filter>
    <Filter Include="Header Files\Math\Generic">
      <UniqueIdentifier>{1dee1307-e10b-49c2-846e-25ab389dbe2e}</UniqueIdentifier>
    </Filter>
    <Filter Include="Header Files\Math\Intel">
      <UniqueIdentifier>{801b2391-3944-47df-bdd5-d62ccba02886}</UniqueIdentifier>
    </Filter>
  </ItemGroup>
  <ItemGroup>
    <ClCompile Include="..\..\src\Cameras\Camera.cpp">
      <Filter>Source Files\Cameras</Filter>
    </ClCompile>
    <ClCompile Include="..\..\src\Cameras\Camera2D.cpp">
      <Filter>Source Files\Cameras</Filter>
    </ClCompile>
    <ClCompile Include="..\..\src\Cameras\FPCamera.cpp">
      <Filter>Source Files\Cameras</Filter>
    </ClCompile>
    <ClCompile Include="..\..\src\CollisionShapes\BoxCollisionShape.cpp">
      <Filter>Source Files\CollisionShapes</Filter>
    </ClCompile>
    <ClCompile Include="..\..\src\CollisionShapes\CollisionShape.cpp">
      <Filter>Source Files\CollisionShapes</Filter>
    </ClCompile>
    <ClCompile Include="..\..\src\CollisionShapes\PlaneCollisionShape.cpp">
      <Filter>Source Files\CollisionShapes</Filter>
    </ClCompile>
    <ClCompile Include="..\..\src\CollisionShapes\SphereCollisionShape.cpp">
      <Filter>Source Files\CollisionShapes</Filter>
    </ClCompile>
    <ClCompile Include="..\..\src\CollisionShapes\TriangleMeshCollisionShape.cpp">
      <Filter>Source Files\CollisionShapes</Filter>
    </ClCompile>
    <ClCompile Include="..\..\src\Event\Event.cpp">
      <Filter>Source Files\Event</Filter>
    </ClCompile>
    <ClCompile Include="..\..\src\Event\EventSystem.cpp">
      <Filter>Source Files\Event</Filter>
    </ClCompile>
    <ClCompile Include="..\..\src\Exceptions\MagicAssertException.cpp">
      <Filter>Source Files\Exceptions</Filter>
    </ClCompile>
    <ClCompile Include="..\..\src\Exceptions\MagicException.cpp">
      <Filter>Source Files\Exceptions</Filter>
    </ClCompile>
    <ClCompile Include="..\..\src\Exceptions\ResourceNotFoundException.cpp">
      <Filter>Source Files\Exceptions</Filter>
    </ClCompile>
    <ClCompile Include="..\..\src\Exceptions\ShaderCompileException.cpp">
      <Filter>Source Files\Exceptions</Filter>
    </ClCompile>
    <ClCompile Include="..\..\src\Exceptions\ShaderVertexInterfaceException.cpp">
      <Filter>Source Files\Exceptions</Filter>
    </ClCompile>
    <ClCompile Include="..\..\src\Graphics\Batch.cpp">
      <Filter>Source Files\Graphics</Filter>
    </ClCompile>
    <ClCompile Include="..\..\src\Graphics\BatchBuilder.cpp">
      <Filter>Source Files\Graphics</Filter>
    </ClCompile>
    <ClCompile Include="..\..\src\Graphics\Buffer.cpp">
      <Filter>Source Files\Graphics</Filter>
    </ClCompile>
    <ClCompile Include="..\..\src\Graphics\GraphicsSystem.cpp">
      <Filter>Source Files\Graphics</Filter>
    </ClCompile>
    <ClCompile Include="..\..\src\Graphics\Image.cpp">
      <Filter>Source Files\Graphics</Filter>
    </ClCompile>
    <ClCompile Include="..\..\src\Graphics\Mesh.cpp">
      <Filter>Source Files\Graphics</Filter>
    </ClCompile>
    <ClCompile Include="..\..\src\Graphics\Model.cpp">
      <Filter>Source Files\Graphics</Filter>
    </ClCompile>
    <ClCompile Include="..\..\src\Graphics\ModelBuilder.cpp">
      <Filter>Source Files\Graphics</Filter>
    </ClCompile>
    <ClCompile Include="..\..\src\Graphics\Texture.cpp">
      <Filter>Source Files\Graphics</Filter>
    </ClCompile>
    <ClCompile Include="..\..\src\Graphics\VertexArray.cpp">
      <Filter>Source Files\Graphics</Filter>
    </ClCompile>
    <ClCompile Include="..\..\src\Meshes\Box.cpp">
      <Filter>Source Files\Meshes</Filter>
    </ClCompile>
    <ClCompile Include="..\..\src\Meshes\Circle2D.cpp">
      <Filter>Source Files\Meshes</Filter>
    </ClCompile>
    <ClCompile Include="..\..\src\Meshes\FlatSurface.cpp">
      <Filter>Source Files\Meshes</Filter>
    </ClCompile>
    <ClCompile Include="..\..\src\Meshes\Rectangle2D.cpp">
      <Filter>Source Files\Meshes</Filter>
    </ClCompile>
    <ClCompile Include="..\..\src\Meshes\Sphere.cpp">
      <Filter>Source Files\Meshes</Filter>
    </ClCompile>
    <ClCompile Include="..\..\src\Objects\Object.cpp">
      <Filter>Source Files\Objects</Filter>
    </ClCompile>
    <ClCompile Include="..\..\src\Physics\MotionState.cpp">
      <Filter>Source Files\Physics</Filter>
    </ClCompile>
    <ClCompile Include="..\..\src\Physics\PhysicalBody.cpp">
      <Filter>Source Files\Physics</Filter>
    </ClCompile>
    <ClCompile Include="..\..\src\Physics\PhysicsSystem.cpp">
      <Filter>Source Files\Physics</Filter>
    </ClCompile>
    <ClCompile Include="..\..\src\Resources\FontResource.cpp">
      <Filter>Source Files\Resources</Filter>
    </ClCompile>
    <ClCompile Include="..\..\src\Resources\Image2DResource.cpp">
      <Filter>Source Files\Resources</Filter>
    </ClCompile>
    <ClCompile Include="..\..\src\Resources\ModelResource.cpp">
      <Filter>Source Files\Resources</Filter>
    </ClCompile>
    <ClCompile Include="..\..\src\Resources\Resource.cpp">
      <Filter>Source Files\Resources</Filter>
    </ClCompile>
    <ClCompile Include="..\..\src\Resources\ResourceManager.cpp">
      <Filter>Source Files\Resources</Filter>
    </ClCompile>
    <ClCompile Include="..\..\src\Resources\TextResource.cpp">
      <Filter>Source Files\Resources</Filter>
    </ClCompile>
    <ClCompile Include="..\..\src\Resources\fonts\TTFontResource.cpp">
      <Filter>Source Files\Resources\fonts</Filter>
    </ClCompile>
    <ClCompile Include="..\..\src\Resources\Images\PNG2DResource.cpp">
      <Filter>Source Files\Resources\Images</Filter>
    </ClCompile>
    <ClCompile Include="..\..\src\Resources\Images\TGA2DResource.cpp">
      <Filter>Source Files\Resources\Images</Filter>
    </ClCompile>
    <ClCompile Include="..\..\src\Resources\models\Model3DSResource.cpp">
      <Filter>Source Files\Resources\models</Filter>
    </ClCompile>
    <ClCompile Include="..\..\src\Shaders\Shader.cpp">
      <Filter>Source Files\Shaders</Filter>
    </ClCompile>
    <ClCompile Include="..\..\src\Util\Character.cpp">
      <Filter>Source Files\Util</Filter>
    </ClCompile>
    <ClCompile Include="..\..\src\Util\Color.cpp">
      <Filter>Source Files\Util</Filter>
    </ClCompile>
    <ClCompile Include="..\..\src\Util\Freetype_Init.cpp">
      <Filter>Source Files\Util</Filter>
    </ClCompile>
    <ClCompile Include="..\..\src\Util\SDL_Init.cpp">
      <Filter>Source Files\Util</Filter>
    </ClCompile>
    <ClCompile Include="..\..\src\Util\StaticFont.cpp">
      <Filter>Source Files\Util</Filter>
    </ClCompile>
    <ClCompile Include="..\..\src\World\World.cpp">
      <Filter>Source Files\World</Filter>
    </ClCompile>
    <ClCompile Include="..\..\src\Math\Matrix3.cpp">
      <Filter>Source Files\Math</Filter>
    </ClCompile>
    <ClCompile Include="..\..\src\Math\Matrix4.cpp">
      <Filter>Source Files\Math</Filter>
    </ClCompile>
    <ClCompile Include="..\..\src\Math\Point3.cpp">
      <Filter>Source Files\Math</Filter>
    </ClCompile>
    <ClCompile Include="..\..\src\Math\Position.cpp">
      <Filter>Source Files\Math</Filter>
    </ClCompile>
    <ClCompile Include="..\..\src\Math\Vector3.cpp">
      <Filter>Source Files\Math</Filter>
    </ClCompile>
    <ClCompile Include="..\..\src\Math\IntelSIMD\Matrix3.cc">
      <Filter>Source Files\Math\IntelSIMD</Filter>
    </ClCompile>
    <ClCompile Include="..\..\src\Math\IntelSIMD\Matrix4.cc">
      <Filter>Source Files\Math\IntelSIMD</Filter>
    </ClCompile>
    <ClCompile Include="..\..\src\Math\IntelSIMD\Point3.cc">
      <Filter>Source Files\Math\IntelSIMD</Filter>
    </ClCompile>
    <ClCompile Include="..\..\src\Math\IntelSIMD\Position.cc">
      <Filter>Source Files\Math\IntelSIMD</Filter>
    </ClCompile>
    <ClCompile Include="..\..\src\Math\Generic\Matrix3.cc">
      <Filter>Source Files\Math\Generic</Filter>
    </ClCompile>
    <ClCompile Include="..\..\src\Math\Generic\Matrix4.cc">
      <Filter>Source Files\Math\Generic</Filter>
    </ClCompile>
    <ClCompile Include="..\..\src\Math\Generic\Point3.cc">
      <Filter>Source Files\Math\Generic</Filter>
    </ClCompile>
    <ClCompile Include="..\..\src\Math\Generic\Position.cc">
      <Filter>Source Files\Math\Generic</Filter>
    </ClCompile>
    <ClCompile Include="..\..\src\Math\IntelSIMD\Vector3.cc">
      <Filter>Source Files\Math\IntelSIMD</Filter>
    </ClCompile>
    <ClCompile Include="..\..\src\Math\Generic\Vector3.cc">
      <Filter>Source Files\Math\Generic</Filter>
    </ClCompile>
    <ClCompile Include="..\..\src\Graphics\GraphicalEntity.cpp">
      <Filter>Source Files\Graphics</Filter>
    </ClCompile>
    <ClCompile Include="..\..\src\Graphics\MaterialBuilder.cpp">
      <Filter>Source Files\Graphics</Filter>
    </ClCompile>
  </ItemGroup>
  <ItemGroup>
    <ClInclude Include="..\..\include\3DMagic.h">
      <Filter>Header Files</Filter>
    </ClInclude>
    <ClInclude Include="..\..\include\Cameras\Camera.h">
      <Filter>Header Files\Cameras</Filter>
    </ClInclude>
    <ClInclude Include="..\..\include\Cameras\Camera2D.h">
      <Filter>Header Files\Cameras</Filter>
    </ClInclude>
    <ClInclude Include="..\..\include\Cameras\FixedCamera.h">
      <Filter>Header Files\Cameras</Filter>
    </ClInclude>
    <ClInclude Include="..\..\include\Cameras\FlyCamera.h">
      <Filter>Header Files\Cameras</Filter>
    </ClInclude>
    <ClInclude Include="..\..\include\Cameras\FPCamera.h">
      <Filter>Header Files\Cameras</Filter>
    </ClInclude>
    <ClInclude Include="..\..\include\CollisionShapes\BoxCollisionShape.h">
      <Filter>Header Files\CollisionShapes</Filter>
    </ClInclude>
    <ClInclude Include="..\..\include\CollisionShapes\CollisionShape.h">
      <Filter>Header Files\CollisionShapes</Filter>
    </ClInclude>
    <ClInclude Include="..\..\include\CollisionShapes\PlaneCollisionShape.h">
      <Filter>Header Files\CollisionShapes</Filter>
    </ClInclude>
    <ClInclude Include="..\..\include\CollisionShapes\SphereCollisionShape.h">
      <Filter>Header Files\CollisionShapes</Filter>
    </ClInclude>
    <ClInclude Include="..\..\include\CollisionShapes\TriangleMeshCollisionShape.h">
      <Filter>Header Files\CollisionShapes</Filter>
    </ClInclude>
    <ClInclude Include="..\..\include\Event\Event.h">
      <Filter>Header Files\Event</Filter>
    </ClInclude>
    <ClInclude Include="..\..\include\Event\EventSystem.h">
      <Filter>Header Files\Event</Filter>
    </ClInclude>
    <ClInclude Include="..\..\include\Exceptions\MagicAssertException.h">
      <Filter>Header Files\Exceptions</Filter>
    </ClInclude>
    <ClInclude Include="..\..\include\Exceptions\MagicException.h">
      <Filter>Header Files\Exceptions</Filter>
    </ClInclude>
    <ClInclude Include="..\..\include\Exceptions\ResourceNotFoundException.h">
      <Filter>Header Files\Exceptions</Filter>
    </ClInclude>
    <ClInclude Include="..\..\include\Exceptions\ShaderCompileException.h">
      <Filter>Header Files\Exceptions</Filter>
    </ClInclude>
    <ClInclude Include="..\..\include\Exceptions\ShaderVertexInterfaceException.h">
      <Filter>Header Files\Exceptions</Filter>
    </ClInclude>
    <ClInclude Include="..\..\include\Graphics\Batch.h">
      <Filter>Header Files\Graphics</Filter>
    </ClInclude>
    <ClInclude Include="..\..\include\Graphics\BatchBuilder.h">
      <Filter>Header Files\Graphics</Filter>
    </ClInclude>
    <ClInclude Include="..\..\include\Graphics\Buffer.h">
      <Filter>Header Files\Graphics</Filter>
    </ClInclude>
    <ClInclude Include="..\..\include\Graphics\GraphicalEntity.h">
      <Filter>Header Files\Graphics</Filter>
    </ClInclude>
    <ClInclude Include="..\..\include\Graphics\GraphicsSystem.h">
      <Filter>Header Files\Graphics</Filter>
    </ClInclude>
    <ClInclude Include="..\..\include\Graphics\Image.h">
      <Filter>Header Files\Graphics</Filter>
    </ClInclude>
    <ClInclude Include="..\..\include\Graphics\Material.h">
      <Filter>Header Files\Graphics</Filter>
    </ClInclude>
    <ClInclude Include="..\..\include\Graphics\MaterialBuilder.h">
      <Filter>Header Files\Graphics</Filter>
    </ClInclude>
    <ClInclude Include="..\..\include\Graphics\Mesh.h">
      <Filter>Header Files\Graphics</Filter>
    </ClInclude>
    <ClInclude Include="..\..\include\Graphics\Model.h">
      <Filter>Header Files\Graphics</Filter>
    </ClInclude>
    <ClInclude Include="..\..\include\Graphics\ModelBuilder.h">
      <Filter>Header Files\Graphics</Filter>
    </ClInclude>
    <ClInclude Include="..\..\include\Graphics\Texture.h">
      <Filter>Header Files\Graphics</Filter>
    </ClInclude>
    <ClInclude Include="..\..\include\Graphics\VertexArray.h">
      <Filter>Header Files\Graphics</Filter>
    </ClInclude>
    <ClInclude Include="..\..\include\Lights\Light.h">
      <Filter>Header Files\Lights</Filter>
    </ClInclude>
    <ClInclude Include="..\..\include\Objects\Object.h">
      <Filter>Header Files\Objects</Filter>
    </ClInclude>
    <ClInclude Include="..\..\include\Physics\MotionState.h">
      <Filter>Header Files\Physics</Filter>
    </ClInclude>
    <ClInclude Include="..\..\include\Physics\PhysicalBody.h">
      <Filter>Header Files\Physics</Filter>
    </ClInclude>
    <ClInclude Include="..\..\include\Physics\PhysicsSystem.h">
      <Filter>Header Files\Physics</Filter>
    </ClInclude>
    <ClInclude Include="..\..\include\Resources\FontResource.h">
      <Filter>Header Files\Resources</Filter>
    </ClInclude>
    <ClInclude Include="..\..\include\Resources\Image2DResource.h">
      <Filter>Header Files\Resources</Filter>
    </ClInclude>
    <ClInclude Include="..\..\include\Resources\ModelResource.h">
      <Filter>Header Files\Resources</Filter>
    </ClInclude>
    <ClInclude Include="..\..\include\Resources\RawResource.h">
      <Filter>Header Files\Resources</Filter>
    </ClInclude>
    <ClInclude Include="..\..\include\Resources\Resource.h">
      <Filter>Header Files\Resources</Filter>
    </ClInclude>
    <ClInclude Include="..\..\include\Resources\ResourceManager.h">
      <Filter>Header Files\Resources</Filter>
    </ClInclude>
    <ClInclude Include="..\..\include\Resources\TextResource.h">
      <Filter>Header Files\Resources</Filter>
    </ClInclude>
    <ClInclude Include="..\..\include\Resources\fonts\TTFontResource.h">
      <Filter>Header Files\Resources\fonts</Filter>
    </ClInclude>
    <ClInclude Include="..\..\include\Resources\Images\PNG2DResource.h">
      <Filter>Header Files\Resources\Images</Filter>
    </ClInclude>
    <ClInclude Include="..\..\include\Resources\Images\TGA2DResource.h">
      <Filter>Header Files\Resources\Images</Filter>
    </ClInclude>
    <ClInclude Include="..\..\include\Resources\models\Model3DSResource.h">
      <Filter>Header Files\Resources\models</Filter>
    </ClInclude>
    <ClInclude Include="..\..\include\Shaders\Shader.h">
      <Filter>Header Files\Shaders</Filter>
    </ClInclude>
    <ClInclude Include="..\..\include\Time\StopWatch.h">
      <Filter>Header Files\Time</Filter>
    </ClInclude>
    <ClInclude Include="..\..\include\Util\Character.h">
      <Filter>Header Files\Util</Filter>
    </ClInclude>
    <ClInclude Include="..\..\include\Util\Color.h">
      <Filter>Header Files\Util</Filter>
    </ClInclude>
    <ClInclude Include="..\..\include\Util\Helpers.h">
      <Filter>Header Files\Util</Filter>
    </ClInclude>
    <ClInclude Include="..\..\include\Util\magic_assert.h">
      <Filter>Header Files\Util</Filter>
    </ClInclude>
    <ClInclude Include="..\..\include\Util\magic_throw.h">
      <Filter>Header Files\Util</Filter>
    </ClInclude>
    <ClInclude Include="..\..\include\Util\StaticFont.h">
      <Filter>Header Files\Util</Filter>
    </ClInclude>
    <ClInclude Include="..\..\include\Util\Types.h">
      <Filter>Header Files\Util</Filter>
    </ClInclude>
    <ClInclude Include="..\..\include\Util\Units.h">
      <Filter>Header Files\Util</Filter>
    </ClInclude>
    <ClInclude Include="..\..\include\World\World.h">
      <Filter>Header Files\World</Filter>
    </ClInclude>
    <ClInclude Include="..\..\include\Math\Math.h">
      <Filter>Header Files\Math</Filter>
    </ClInclude>
    <ClInclude Include="..\..\include\Math\MathTypes.h">
      <Filter>Header Files\Math</Filter>
    </ClInclude>
    <ClInclude Include="..\..\include\Math\Matrix3.h">
      <Filter>Header Files\Math</Filter>
    </ClInclude>
    <ClInclude Include="..\..\include\Math\Matrix4.h">
      <Filter>Header Files\Math</Filter>
    </ClInclude>
    <ClInclude Include="..\..\include\Math\Point2.h">
      <Filter>Header Files\Math</Filter>
    </ClInclude>
    <ClInclude Include="..\..\include\Math\Point3.h">
      <Filter>Header Files\Math</Filter>
    </ClInclude>
    <ClInclude Include="..\..\include\Math\Point4.h">
      <Filter>Header Files\Math</Filter>
    </ClInclude>
    <ClInclude Include="..\..\include\Math\Position.h">
      <Filter>Header Files\Math</Filter>
    </ClInclude>
    <ClInclude Include="..\..\include\Math\Vector2.h">
      <Filter>Header Files\Math</Filter>
    </ClInclude>
    <ClInclude Include="..\..\include\Math\Vector3.h">
      <Filter>Header Files\Math</Filter>
    </ClInclude>
    <ClInclude Include="..\..\include\Math\Vector4.h">
      <Filter>Header Files\Math</Filter>
    </ClInclude>
    <ClInclude Include="..\..\include\Math\Intel\MathTypes.h">
      <Filter>Header Files\Math\Intel</Filter>
    </ClInclude>
    <ClInclude Include="..\..\include\Math\Intel\Matrix3.h">
      <Filter>Header Files\Math\Intel</Filter>
    </ClInclude>
    <ClInclude Include="..\..\include\Math\Intel\Matrix4.h">
      <Filter>Header Files\Math\Intel</Filter>
    </ClInclude>
    <ClInclude Include="..\..\include\Math\Intel\Point2.h">
      <Filter>Header Files\Math\Intel</Filter>
    </ClInclude>
    <ClInclude Include="..\..\include\Math\Intel\Point3.h">
      <Filter>Header Files\Math\Intel</Filter>
    </ClInclude>
    <ClInclude Include="..\..\include\Math\Intel\Point4.h">
      <Filter>Header Files\Math\Intel</Filter>
    </ClInclude>
    <ClInclude Include="..\..\include\Math\Intel\Position.h">
      <Filter>Header Files\Math\Intel</Filter>
    </ClInclude>
    <ClInclude Include="..\..\include\Math\Intel\Vector2.h">
      <Filter>Header Files\Math\Intel</Filter>
    </ClInclude>
    <ClInclude Include="..\..\include\Math\Intel\Vector3.h">
      <Filter>Header Files\Math\Intel</Filter>
    </ClInclude>
    <ClInclude Include="..\..\include\Math\Intel\Vector4.h">
      <Filter>Header Files\Math\Intel</Filter>
    </ClInclude>
    <ClInclude Include="..\..\include\Math\Generic\MathTypes.h">
      <Filter>Header Files\Math\Generic</Filter>
    </ClInclude>
    <ClInclude Include="..\..\include\Math\Generic\Matrix3.h">
      <Filter>Header Files\Math\Generic</Filter>
    </ClInclude>
    <ClInclude Include="..\..\include\Math\Generic\Matrix4.h">
      <Filter>Header Files\Math\Generic</Filter>
    </ClInclude>
    <ClInclude Include="..\..\include\Math\Generic\Point2.h">
      <Filter>Header Files\Math\Generic</Filter>
    </ClInclude>
    <ClInclude Include="..\..\include\Math\Generic\Point3.h">
      <Filter>Header Files\Math\Generic</Filter>
    </ClInclude>
    <ClInclude Include="..\..\include\Math\Generic\Point4.h">
      <Filter>Header Files\Math\Generic</Filter>
    </ClInclude>
    <ClInclude Include="..\..\include\Math\Generic\Position.h">
      <Filter>Header Files\Math\Generic</Filter>
    </ClInclude>
    <ClInclude Include="..\..\include\Math\Generic\Vector2.h">
      <Filter>Header Files\Math\Generic</Filter>
    </ClInclude>
    <ClInclude Include="..\..\include\Math\Generic\Vector3.h">
      <Filter>Header Files\Math\Generic</Filter>
    </ClInclude>
    <ClInclude Include="..\..\include\Math\Generic\Vector4.h">
      <Filter>Header Files\Math\Generic</Filter>
    </ClInclude>
  </ItemGroup>
</Project>