<?xml version="1.0" encoding="utf-8"?>
<Project ToolsVersion="4.0" xmlns="http://schemas.microsoft.com/developer/msbuild/2003">
  <ItemGroup>
    <Filter Include="Source Files">
      <UniqueIdentifier>{4FC737F1-C7A5-4376-A066-2A32D752A2FF}</UniqueIdentifier>
      <Extensions>cpp;c;cc;cxx;def;odl;idl;hpj;bat;asm;asmx</Extensions>
    </Filter>
    <Filter Include="Header Files">
      <UniqueIdentifier>{93995380-89BD-4b04-88EB-625FBE52EBFB}</UniqueIdentifier>
      <Extensions>h;hpp;hxx;hm;inl;inc;xsd</Extensions>
    </Filter>
    <Filter Include="Resource Files">
      <UniqueIdentifier>{67DA6AB6-F800-4c08-8B7A-83BB121AAD01}</UniqueIdentifier>
      <Extensions>rc;ico;cur;bmp;dlg;rc2;rct;bin;rgs;gif;jpg;jpeg;jpe;resx;tiff;tif;png;wav;mfcribbon-ms</Extensions>
    </Filter>
    <Filter Include="Header Files\Cameras">
      <UniqueIdentifier>{72e79cc7-b5ed-42fd-85e4-988ef036098f}</UniqueIdentifier>
    </Filter>
    <Filter Include="Header Files\Exceptions">
      <UniqueIdentifier>{5aa7cff1-1650-4a49-88b3-f8edbb124f5f}</UniqueIdentifier>
    </Filter>
    <Filter Include="Header Files\Graphics">
      <UniqueIdentifier>{bbc09c71-8861-4a1c-a7ff-fc6d9b653c3c}</UniqueIdentifier>
    </Filter>
    <Filter Include="Header Files\GUI">
      <UniqueIdentifier>{fb9f3f53-5628-4e99-80b7-273015bb1b19}</UniqueIdentifier>
    </Filter>
    <Filter Include="Header Files\Lights">
      <UniqueIdentifier>{b5b7b3e7-23a4-4684-86a2-bf80d49d48d2}</UniqueIdentifier>
    </Filter>
    <Filter Include="Header Files\Math">
      <UniqueIdentifier>{479a0ca3-027f-48d2-9d8e-55a84d4e2af8}</UniqueIdentifier>
    </Filter>
    <Filter Include="Header Files\Models">
      <UniqueIdentifier>{b66ad179-2a0a-41f6-acb6-174436814b7f}</UniqueIdentifier>
    </Filter>
    <Filter Include="Header Files\Objects">
      <UniqueIdentifier>{0b841012-45b7-4bb7-a04e-5148ceb7fa98}</UniqueIdentifier>
    </Filter>
    <Filter Include="Header Files\Physics">
      <UniqueIdentifier>{4acb5dcf-3a04-4eeb-aba3-6fe1157ba459}</UniqueIdentifier>
    </Filter>
    <Filter Include="Header Files\Resources">
      <UniqueIdentifier>{375b9e4b-7493-4b80-a97b-b56adc80f0ef}</UniqueIdentifier>
    </Filter>
    <Filter Include="Header Files\Shaders">
      <UniqueIdentifier>{853f1673-770b-4055-8997-40138bee2d6a}</UniqueIdentifier>
    </Filter>
    <Filter Include="Header Files\Time">
      <UniqueIdentifier>{3669f3e8-8a2b-48b8-bd13-f6129b1ad12f}</UniqueIdentifier>
    </Filter>
    <Filter Include="Header Files\Util">
      <UniqueIdentifier>{51f00327-b0cf-4426-9bc1-050c6a2f75b9}</UniqueIdentifier>
    </Filter>
    <Filter Include="Header Files\Resources\Images">
      <UniqueIdentifier>{888e2b49-cff9-4630-bce4-36dbb2d63055}</UniqueIdentifier>
    </Filter>
    <Filter Include="Source Files\Exceptions">
      <UniqueIdentifier>{57180068-2f1f-424e-b0c4-ac3dd046c563}</UniqueIdentifier>
    </Filter>
    <Filter Include="Source Files\Graphics">
      <UniqueIdentifier>{12230195-f1de-4897-b0e4-cd603d0c74b4}</UniqueIdentifier>
    </Filter>
    <Filter Include="Source Files\GUI">
      <UniqueIdentifier>{80cc09ed-6cfa-4a99-a57f-649d0bbead76}</UniqueIdentifier>
    </Filter>
    <Filter Include="Source Files\Models">
      <UniqueIdentifier>{ea2a3055-1e6e-4ee6-9730-abe687ba215b}</UniqueIdentifier>
    </Filter>
    <Filter Include="Source Files\Objects">
      <UniqueIdentifier>{9cda745c-aa99-4489-8ce8-cb477fd3c78f}</UniqueIdentifier>
    </Filter>
    <Filter Include="Source Files\Physics">
      <UniqueIdentifier>{293894d4-8f18-47d4-a93e-29b5f25c8deb}</UniqueIdentifier>
    </Filter>
    <Filter Include="Source Files\Resources">
      <UniqueIdentifier>{fc8a513c-3018-4d44-a346-8f0af86dd3fe}</UniqueIdentifier>
    </Filter>
    <Filter Include="Source Files\Shaders">
      <UniqueIdentifier>{9106f8b2-f396-4be1-8f91-8fe6feab3bce}</UniqueIdentifier>
    </Filter>
    <Filter Include="Source Files\Util">
      <UniqueIdentifier>{c5748950-c8fb-4ed5-995c-4c89e8a53aae}</UniqueIdentifier>
    </Filter>
    <Filter Include="Source Files\Resources\Images">
      <UniqueIdentifier>{90ced40b-4330-4438-b36c-1a62242b1158}</UniqueIdentifier>
    </Filter>
    <Filter Include="Header Files\Resources\models">
      <UniqueIdentifier>{982c4e23-732a-42f4-8bcb-3b9c7b8e17c0}</UniqueIdentifier>
    </Filter>
    <Filter Include="Source Files\Resources\models">
      <UniqueIdentifier>{deb22a27-26c2-49db-a006-93e22378ee30}</UniqueIdentifier>
    </Filter>
    <Filter Include="Header Files\Math\Generic">
      <UniqueIdentifier>{4ecbd4f4-e525-4673-bfa1-498f57dcba7d}</UniqueIdentifier>
    </Filter>
    <Filter Include="Header Files\Math\Intel">
      <UniqueIdentifier>{f426ecc7-2f2b-4567-b01e-28e5285f2b03}</UniqueIdentifier>
    </Filter>
    <Filter Include="Source Files\Math">
      <UniqueIdentifier>{87db8e0c-3a3d-4127-bcf7-003f8cb85ea3}</UniqueIdentifier>
    </Filter>
    <Filter Include="Source Files\Math\Generic">
      <UniqueIdentifier>{63e83f0b-de0f-4996-a606-6c02a94408f7}</UniqueIdentifier>
    </Filter>
  </ItemGroup>
  <ItemGroup>
    <ClInclude Include="..\include\Cameras\Camera.h">
      <Filter>Header Files\Cameras</Filter>
    </ClInclude>
    <ClInclude Include="..\include\Cameras\FixedCamera.h">
      <Filter>Header Files\Cameras</Filter>
    </ClInclude>
    <ClInclude Include="..\include\Cameras\FlyCamera.h">
      <Filter>Header Files\Cameras</Filter>
    </ClInclude>
    <ClInclude Include="..\include\Cameras\FPCamera.h">
      <Filter>Header Files\Cameras</Filter>
    </ClInclude>
    <ClInclude Include="..\include\Exceptions\MagicException.h">
      <Filter>Header Files\Exceptions</Filter>
    </ClInclude>
    <ClInclude Include="..\include\Exceptions\ResourceNotFoundException.h">
      <Filter>Header Files\Exceptions</Filter>
    </ClInclude>
    <ClInclude Include="..\include\Exceptions\ShaderCompileException.h">
      <Filter>Header Files\Exceptions</Filter>
    </ClInclude>
    <ClInclude Include="..\include\Exceptions\ShaderVertexInterfaceException.h">
      <Filter>Header Files\Exceptions</Filter>
    </ClInclude>
    <ClInclude Include="..\include\Graphics\AttributeArray.h">
      <Filter>Header Files\Graphics</Filter>
    </ClInclude>
    <ClInclude Include="..\include\Graphics\Buffer.h">
      <Filter>Header Files\Graphics</Filter>
    </ClInclude>
    <ClInclude Include="..\include\Graphics\DynamicVertexHandler.h">
      <Filter>Header Files\Graphics</Filter>
    </ClInclude>
    <ClInclude Include="..\include\Graphics\Texture.h">
      <Filter>Header Files\Graphics</Filter>
    </ClInclude>
    <ClInclude Include="..\include\Graphics\VertexArray.h">
      <Filter>Header Files\Graphics</Filter>
    </ClInclude>
    <ClInclude Include="..\include\Graphics\VertexHandler.h">
      <Filter>Header Files\Graphics</Filter>
    </ClInclude>
    <ClInclude Include="..\include\GUI\RectTexture.h">
      <Filter>Header Files\GUI</Filter>
    </ClInclude>
    <ClInclude Include="..\include\Lights\Light.h">
      <Filter>Header Files\Lights</Filter>
    </ClInclude>
    <ClInclude Include="..\include\Math\Math.h">
      <Filter>Header Files\Math</Filter>
    </ClInclude>
    <ClInclude Include="..\include\Math\MathTypes.h">
      <Filter>Header Files\Math</Filter>
    </ClInclude>
    <ClInclude Include="..\include\Math\Matrix3.h">
      <Filter>Header Files\Math</Filter>
    </ClInclude>
    <ClInclude Include="..\include\Math\Matrix4.h">
      <Filter>Header Files\Math</Filter>
    </ClInclude>
    <ClInclude Include="..\include\Math\Point2.h">
      <Filter>Header Files\Math</Filter>
    </ClInclude>
    <ClInclude Include="..\include\Math\Point3.h">
      <Filter>Header Files\Math</Filter>
    </ClInclude>
    <ClInclude Include="..\include\Math\Point4.h">
      <Filter>Header Files\Math</Filter>
    </ClInclude>
    <ClInclude Include="..\include\Math\Position.h">
      <Filter>Header Files\Math</Filter>
    </ClInclude>
    <ClInclude Include="..\include\Math\Vector2.h">
      <Filter>Header Files\Math</Filter>
    </ClInclude>
    <ClInclude Include="..\include\Math\Vector3.h">
      <Filter>Header Files\Math</Filter>
    </ClInclude>
    <ClInclude Include="..\include\Math\Vector4.h">
      <Filter>Header Files\Math</Filter>
    </ClInclude>
    <ClInclude Include="..\include\Models\Box.h">
      <Filter>Header Files\Models</Filter>
    </ClInclude>
    <ClInclude Include="..\include\Models\Circle2D.h">
      <Filter>Header Files\Models</Filter>
    </ClInclude>
    <ClInclude Include="..\include\Models\CustomModel.h">
      <Filter>Header Files\Models</Filter>
    </ClInclude>
    <ClInclude Include="..\include\Models\FlatSurface.h">
      <Filter>Header Files\Models</Filter>
    </ClInclude>
    <ClInclude Include="..\include\Models\Model.h">
      <Filter>Header Files\Models</Filter>
    </ClInclude>
    <ClInclude Include="..\include\Models\Rectangle2D.h">
      <Filter>Header Files\Models</Filter>
    </ClInclude>
    <ClInclude Include="..\include\Models\SignPost.h">
      <Filter>Header Files\Models</Filter>
    </ClInclude>
    <ClInclude Include="..\include\Models\Sphere.h">
      <Filter>Header Files\Models</Filter>
    </ClInclude>
    <ClInclude Include="..\include\Models\Teapot.h">
      <Filter>Header Files\Models</Filter>
    </ClInclude>
    <ClInclude Include="..\include\Models\Triangle.h">
      <Filter>Header Files\Models</Filter>
    </ClInclude>
    <ClInclude Include="..\include\Objects\Object.h">
      <Filter>Header Files\Objects</Filter>
    </ClInclude>
    <ClInclude Include="..\include\Physics\MotionState.h">
      <Filter>Header Files\Physics</Filter>
    </ClInclude>
    <ClInclude Include="..\include\Math\Generic\MathTypes.h">
      <Filter>Header Files\Math\Generic</Filter>
    </ClInclude>
    <ClInclude Include="..\include\Math\Generic\Matrix3.h">
      <Filter>Header Files\Math\Generic</Filter>
    </ClInclude>
    <ClInclude Include="..\include\Math\Generic\Matrix4.h">
      <Filter>Header Files\Math\Generic</Filter>
    </ClInclude>
    <ClInclude Include="..\include\Math\Generic\Point2.h">
      <Filter>Header Files\Math\Generic</Filter>
    </ClInclude>
    <ClInclude Include="..\include\Math\Generic\Point3.h">
      <Filter>Header Files\Math\Generic</Filter>
    </ClInclude>
    <ClInclude Include="..\include\Math\Generic\Point4.h">
      <Filter>Header Files\Math\Generic</Filter>
    </ClInclude>
    <ClInclude Include="..\include\Math\Generic\Position.h">
      <Filter>Header Files\Math\Generic</Filter>
    </ClInclude>
    <ClInclude Include="..\include\Math\Generic\Vector2.h">
      <Filter>Header Files\Math\Generic</Filter>
    </ClInclude>
    <ClInclude Include="..\include\Math\Generic\Vector3.h">
      <Filter>Header Files\Math\Generic</Filter>
    </ClInclude>
    <ClInclude Include="..\include\Math\Generic\Vector4.h">
      <Filter>Header Files\Math\Generic</Filter>
    </ClInclude>
    <ClInclude Include="..\include\Math\Intel\MathTypes.h">
      <Filter>Header Files\Math\Intel</Filter>
    </ClInclude>
    <ClInclude Include="..\include\Math\Intel\Matrix3.h">
      <Filter>Header Files\Math\Intel</Filter>
    </ClInclude>
    <ClInclude Include="..\include\Math\Intel\Matrix4.h">
      <Filter>Header Files\Math\Intel</Filter>
    </ClInclude>
    <ClInclude Include="..\include\Math\Intel\Point2.h">
      <Filter>Header Files\Math\Intel</Filter>
    </ClInclude>
    <ClInclude Include="..\include\Math\Intel\Point3.h">
      <Filter>Header Files\Math\Intel</Filter>
    </ClInclude>
    <ClInclude Include="..\include\Math\Intel\Point4.h">
      <Filter>Header Files\Math\Intel</Filter>
    </ClInclude>
    <ClInclude Include="..\include\Math\Intel\Position.h">
      <Filter>Header Files\Math\Intel</Filter>
    </ClInclude>
    <ClInclude Include="..\include\Math\Intel\Vector2.h">
      <Filter>Header Files\Math\Intel</Filter>
    </ClInclude>
    <ClInclude Include="..\include\Math\Intel\Vector3.h">
      <Filter>Header Files\Math\Intel</Filter>
    </ClInclude>
    <ClInclude Include="..\include\Math\Intel\Vector4.h">
      <Filter>Header Files\Math\Intel</Filter>
    </ClInclude>
    <ClInclude Include="..\include\Resources\Handle.h">
      <Filter>Header Files\Resources</Filter>
    </ClInclude>
    <ClInclude Include="..\include\Resources\Image2DResource.h">
      <Filter>Header Files\Resources</Filter>
    </ClInclude>
    <ClInclude Include="..\include\Resources\ModelResource.h">
      <Filter>Header Files\Resources</Filter>
    </ClInclude>
    <ClInclude Include="..\include\Resources\RawResource.h">
      <Filter>Header Files\Resources</Filter>
    </ClInclude>
    <ClInclude Include="..\include\Resources\Resource.h">
      <Filter>Header Files\Resources</Filter>
    </ClInclude>
    <ClInclude Include="..\include\Resources\ResourceManager.h">
      <Filter>Header Files\Resources</Filter>
    </ClInclude>
    <ClInclude Include="..\include\Resources\TextResource.h">
      <Filter>Header Files\Resources</Filter>
    </ClInclude>
    <ClInclude Include="..\include\Resources\Images\PNG2DResource.h">
      <Filter>Header Files\Resources\Images</Filter>
    </ClInclude>
    <ClInclude Include="..\include\Resources\Images\SingleColor2DResource.h">
      <Filter>Header Files\Resources\Images</Filter>
    </ClInclude>
    <ClInclude Include="..\include\Resources\Images\TGA2DResource.h">
      <Filter>Header Files\Resources\Images</Filter>
    </ClInclude>
    <ClInclude Include="..\include\Resources\models\Model3DSResource.h">
      <Filter>Header Files\Resources\models</Filter>
    </ClInclude>
    <ClInclude Include="..\include\Shaders\Everything.h">
      <Filter>Header Files\Shaders</Filter>
    </ClInclude>
    <ClInclude Include="..\include\Shaders\FlatShader.h">
      <Filter>Header Files\Shaders</Filter>
    </ClInclude>
    <ClInclude Include="..\include\Shaders\HemisphereShader.h">
      <Filter>Header Files\Shaders</Filter>
    </ClInclude>
    <ClInclude Include="..\include\Shaders\HemisphereTexShader.h">
      <Filter>Header Files\Shaders</Filter>
    </ClInclude>
    <ClInclude Include="..\include\Shaders\PointLightDiffuseShader.h">
      <Filter>Header Files\Shaders</Filter>
    </ClInclude>
    <ClInclude Include="..\include\Shaders\Shader.h">
      <Filter>Header Files\Shaders</Filter>
    </ClInclude>
    <ClInclude Include="..\include\Shaders\Shader2D.h">
      <Filter>Header Files\Shaders</Filter>
    </ClInclude>
    <ClInclude Include="..\include\Shaders\ShaderVertexInterfaceSpec.h">
      <Filter>Header Files\Shaders</Filter>
    </ClInclude>
    <ClInclude Include="..\include\Shaders\SimpleADSShader.h">
      <Filter>Header Files\Shaders</Filter>
    </ClInclude>
    <ClInclude Include="..\include\Time\StopWatch.h">
      <Filter>Header Files\Time</Filter>
    </ClInclude>
    <ClInclude Include="..\include\Util\Color.h">
      <Filter>Header Files\Util</Filter>
    </ClInclude>
    <ClInclude Include="..\include\Util\Helpers.h">
      <Filter>Header Files\Util</Filter>
    </ClInclude>
    <ClInclude Include="..\include\Util\Types.h">
      <Filter>Header Files\Util</Filter>
    </ClInclude>
    <ClInclude Include="..\include\Util\Units.h">
      <Filter>Header Files\Util</Filter>
    </ClInclude>
    <ClInclude Include="..\include\3DMagic.h">
      <Filter>Header Files</Filter>
    </ClInclude>
  </ItemGroup>
  <ItemGroup>
    <ClCompile Include="..\src\Exceptions\MagicException.cpp">
      <Filter>Source Files\Exceptions</Filter>
    </ClCompile>
    <ClCompile Include="..\src\Exceptions\ResourceNotFoundException.cpp">
      <Filter>Source Files\Exceptions</Filter>
    </ClCompile>
    <ClCompile Include="..\src\Exceptions\ShaderCompileException.cpp">
      <Filter>Source Files\Exceptions</Filter>
    </ClCompile>
    <ClCompile Include="..\src\Exceptions\ShaderVertexInterfaceException.cpp">
      <Filter>Source Files\Exceptions</Filter>
    </ClCompile>
    <ClCompile Include="..\src\Graphics\Buffer.cpp">
      <Filter>Source Files\Graphics</Filter>
    </ClCompile>
    <ClCompile Include="..\src\Graphics\Texture.cpp">
      <Filter>Source Files\Graphics</Filter>
    </ClCompile>
    <ClCompile Include="..\src\Graphics\VertexArray.cpp">
      <Filter>Source Files\Graphics</Filter>
    </ClCompile>
    <ClCompile Include="..\src\Graphics\VertexHandler.cpp">
      <Filter>Source Files\Graphics</Filter>
    </ClCompile>
    <ClCompile Include="..\src\GUI\RectTexture.cpp">
      <Filter>Source Files\GUI</Filter>
    </ClCompile>
    <ClCompile Include="..\src\Models\Box.cpp">
      <Filter>Source Files\Models</Filter>
    </ClCompile>
    <ClCompile Include="..\src\Models\Circle2D.cpp">
      <Filter>Source Files\Models</Filter>
    </ClCompile>
    <ClCompile Include="..\src\Models\CustomModel.cpp">
      <Filter>Source Files\Models</Filter>
    </ClCompile>
    <ClCompile Include="..\src\Models\FlatSurface.cpp">
      <Filter>Source Files\Models</Filter>
    </ClCompile>
    <ClCompile Include="..\src\Models\Model.cpp">
      <Filter>Source Files\Models</Filter>
    </ClCompile>
    <ClCompile Include="..\src\Models\Rectangle2D.cpp">
      <Filter>Source Files\Models</Filter>
    </ClCompile>
    <ClCompile Include="..\src\Models\Sphere.cpp">
      <Filter>Source Files\Models</Filter>
    </ClCompile>
    <ClCompile Include="..\src\Math\Matrix3.cpp">
      <Filter>Source Files\Math</Filter>
    </ClCompile>
    <ClCompile Include="..\src\Math\Matrix4.cpp">
      <Filter>Source Files\Math</Filter>
    </ClCompile>
    <ClCompile Include="..\src\Math\Point3.cpp">
      <Filter>Source Files\Math</Filter>
    </ClCompile>
    <ClCompile Include="..\src\Math\Position.cpp">
      <Filter>Source Files\Math</Filter>
    </ClCompile>
    <ClCompile Include="..\src\Math\Vector3.cpp">
      <Filter>Source Files\Math</Filter>
    </ClCompile>
    <ClCompile Include="..\src\Math\Generic\Matrix3.cc">
      <Filter>Source Files\Math\Generic</Filter>
    </ClCompile>
    <ClCompile Include="..\src\Math\Generic\Matrix4.cc">
      <Filter>Source Files\Math\Generic</Filter>
    </ClCompile>
    <ClCompile Include="..\src\Math\Generic\Point3.cc">
      <Filter>Source Files\Math\Generic</Filter>
    </ClCompile>
    <ClCompile Include="..\src\Math\Generic\Position.cc">
      <Filter>Source Files\Math\Generic</Filter>
    </ClCompile>
    <ClCompile Include="..\src\Math\Generic\Vector3.cc">
      <Filter>Source Files\Math\Generic</Filter>
    </ClCompile>
    <ClCompile Include="..\src\Objects\Object.cpp">
      <Filter>Source Files\Objects</Filter>
    </ClCompile>
    <ClCompile Include="..\src\Physics\MotionState.cpp">
      <Filter>Source Files\Physics</Filter>
    </ClCompile>
    <ClCompile Include="..\src\Resources\Images\SingleColor2DResource.cpp">
      <Filter>Source Files\Resources\Images</Filter>
    </ClCompile>
    <ClCompile Include="..\src\Resources\Images\TGA2DResource.cpp">
      <Filter>Source Files\Resources\Images</Filter>
    </ClCompile>
    <ClCompile Include="..\src\Resources\models\Model3DSResource.cpp">
      <Filter>Source Files\Resources\models</Filter>
    </ClCompile>
    <ClCompile Include="..\src\Resources\Image2DResource.cpp">
      <Filter>Source Files\Resources</Filter>
    </ClCompile>
    <ClCompile Include="..\src\Resources\ModelResource.cpp">
      <Filter>Source Files\Resources</Filter>
    </ClCompile>
    <ClCompile Include="..\src\Resources\Resource.cpp">
      <Filter>Source Files\Resources</Filter>
    </ClCompile>
    <ClCompile Include="..\src\Resources\ResourceManager.cpp">
      <Filter>Source Files\Resources</Filter>
    </ClCompile>
    <ClCompile Include="..\src\Resources\TextResource.cpp">
      <Filter>Source Files\Resources</Filter>
    </ClCompile>
    <ClCompile Include="..\src\Shaders\FlatShader.cpp">
      <Filter>Source Files\Shaders</Filter>
    </ClCompile>
    <ClCompile Include="..\src\Shaders\HemisphereShader.cpp">
      <Filter>Source Files\Shaders</Filter>
    </ClCompile>
    <ClCompile Include="..\src\Shaders\HemisphereTexShader.cpp">
      <Filter>Source Files\Shaders</Filter>
    </ClCompile>
    <ClCompile Include="..\src\Shaders\PointLightDiffuseShader.cpp">
      <Filter>Source Files\Shaders</Filter>
    </ClCompile>
    <ClCompile Include="..\src\Shaders\Shader.cpp">
      <Filter>Source Files\Shaders</Filter>
    </ClCompile>
    <ClCompile Include="..\src\Shaders\Shader2D.cpp">
      <Filter>Source Files\Shaders</Filter>
    </ClCompile>
    <ClCompile Include="..\src\Shaders\ShaderVertexInterfaceSpec.cpp">
      <Filter>Source Files\Shaders</Filter>
    </ClCompile>
    <ClCompile Include="..\src\Shaders\SimpleADSShader.cpp">
      <Filter>Source Files\Shaders</Filter>
    </ClCompile>
    <ClCompile Include="..\src\Util\Color.cpp">
      <Filter>Source Files\Util</Filter>
    </ClCompile>
  </ItemGroup>
</Project>